
Microsoft Visual Studio Solution File, Format Version 12.00
# Visual Studio 2012
Project("{2150E333-8FDC-42A3-9474-1A3956D46DE8}") = "Data", "Data", "{61C6B17C-C10E-41AC-8FEE-A256B35A6F06}"
EndProject
Project("{2150E333-8FDC-42A3-9474-1A3956D46DE8}") = "Common", "Common", "{B6795B54-DD93-4CEF-8ABD-4DF8F26C8B9B}"
EndProject
Project("{FAE04EC0-301F-11D3-BF4B-00C04F79EFBC}") = "RNM.Common", "RNM.Common\RNM.Common.csproj", "{4E1A4EDA-E17B-4A1E-A71D-26CAE2F042D3}"
EndProject
Project("{2150E333-8FDC-42A3-9474-1A3956D46DE8}") = "User INterface", "User INterface", "{B0A54E61-B50C-47F2-A174-A42E03413E59}"
EndProject
Project("{2150E333-8FDC-42A3-9474-1A3956D46DE8}") = "Contexts", "Contexts", "{C48131B4-8689-48CC-A288-8AAFAD89D114}"
EndProject
Project("{FAE04EC0-301F-11D3-BF4B-00C04F79EFBC}") = "Group1.Framework", "Group1.Framework\Group1.Framework.csproj", "{ED0756BC-FA81-445A-8AB2-9F1B7FF99546}"
EndProject
Project("{2150E333-8FDC-42A3-9474-1A3956D46DE8}") = "Fault Resolution", "Fault Resolution", "{8C070878-4032-4955-B237-0B90B2326ED6}"
EndProject
Project("{FAE04EC0-301F-11D3-BF4B-00C04F79EFBC}") = "RNM.FaultResolution.Queries", "RNM.FaultResolution.Queries\RNM.FaultResolution.Queries.csproj", "{C7EF53FD-C025-45AE-9987-619F049724A6}"
EndProject
Project("{FAE04EC0-301F-11D3-BF4B-00C04F79EFBC}") = "RNM.FaultResolution.Queries.Tests", "RNM.FaultResolution.Queries.Tests\RNM.FaultResolution.Queries.Tests.csproj", "{2D60AFBD-DD1B-4FB4-9B00-0E89FE086F37}"
EndProject
Project("{FAE04EC0-301F-11D3-BF4B-00C04F79EFBC}") = "RNM.FaultResolution.Application.Services", "RNM.FaultResolution.Application.Services\RNM.FaultResolution.Application.Services.csproj", "{1446012C-408B-4C60-9154-995F58A52C6E}"
EndProject
Project("{FAE04EC0-301F-11D3-BF4B-00C04F79EFBC}") = "RNM.FaultResolution.Domain", "RNM.FaultResolution.Domain\RNM.FaultResolution.Domain.csproj", "{C95F3ADE-610C-4C6A-A6C1-8EFE2EC939DC}"
EndProject
Project("{FAE04EC0-301F-11D3-BF4B-00C04F79EFBC}") = "RNM.FaultResolution.Domain.Tests", "RNM.FaultResolution.Domain.Tests\RNM.FaultResolution.Domain.Tests.csproj", "{07838C94-03FB-49E4-8422-50AFFC0D5EEB}"
EndProject
Project("{FAE04EC0-301F-11D3-BF4B-00C04F79EFBC}") = "RNM.FaultResolution.Application.Services.Tests", "RNM.FaultResolution.Application.Services.Tests\RNM.FaultResolution.Application.Services.Tests.csproj", "{E2684E41-7736-4025-B5D7-ED372F30914E}"
EndProject
Project("{FAE04EC0-301F-11D3-BF4B-00C04F79EFBC}") = "RNM.FaultResolution.Infrastructure", "RNM.FaultResolution.Infrastructure\RNM.FaultResolution.Infrastructure.csproj", "{B00CC224-F5D0-43BB-AAAC-C36AAD751856}"
EndProject
Project("{2150E333-8FDC-42A3-9474-1A3956D46DE8}") = "SharedKernel", "SharedKernel", "{CF77640F-BA77-4F8A-B3A9-936AD00F5FD8}"
EndProject
Project("{FAE04EC0-301F-11D3-BF4B-00C04F79EFBC}") = "RNM.SharedKernel", "RNM.SharedKernel\RNM.SharedKernel.csproj", "{195CBC01-E7BF-4449-83C0-9CA8FF5004E2}"
EndProject
Project("{FAE04EC0-301F-11D3-BF4B-00C04F79EFBC}") = "RNM.SharedKernel.Tests", "RNM.SharedKernel.Tests\RNM.SharedKernel.Tests.csproj", "{3A494B76-97A6-4118-B634-80F2131D72DF}"
EndProject
Project("{2150E333-8FDC-42A3-9474-1A3956D46DE8}") = ".nuget", ".nuget", "{DA103A92-4A71-4493-B367-3A8F915EEB20}"
	ProjectSection(SolutionItems) = preProject
		.nuget\NuGet.Config = .nuget\NuGet.Config
		.nuget\NuGet.exe = .nuget\NuGet.exe
		.nuget\NuGet.targets = .nuget\NuGet.targets
	EndProjectSection
EndProject
Project("{2150E333-8FDC-42A3-9474-1A3956D46DE8}") = "Fault Loggging and Verfication", "Fault Loggging and Verfication", "{AED03223-CB87-4F2A-B4D0-0A2683074E72}"
EndProject
Project("{FAE04EC0-301F-11D3-BF4B-00C04F79EFBC}") = "RNM.FaultLogging.Domain", "RNM.FaultService.BusinessEntities\RNM.FaultLogging.Domain.csproj", "{AE093348-7812-4CEC-8E54-2E9DDB512519}"
EndProject
Project("{FAE04EC0-301F-11D3-BF4B-00C04F79EFBC}") = "RNM.FaultLogging.Enums", "RNM.FaultService.BusinessEntities.Common\RNM.FaultLogging.Enums.csproj", "{4F4F753D-2673-4338-AB6D-E90965ADEEA0}"
EndProject
Project("{FAE04EC0-301F-11D3-BF4B-00C04F79EFBC}") = "RNM.FaultLogging.Interfaces", "RNM.FaultService.BusinessLogic.Interfaces\RNM.FaultLogging.Interfaces.csproj", "{294A5919-A376-49E1-AED8-B5148D98D9FB}"
EndProject
Project("{FAE04EC0-301F-11D3-BF4B-00C04F79EFBC}") = "RNM.FaultLogging.Repository", "RNM.FaultLogging.Repository\RNM.FaultLogging.Repository.csproj", "{8F4BEB0E-89C7-4817-AA45-006A152E0132}"
EndProject
Project("{FAE04EC0-301F-11D3-BF4B-00C04F79EFBC}") = "RNM.FaultLogging.Service", "RNM.FaultService.BusinessLogic\RNM.FaultLogging.Service.csproj", "{CA6B9859-3B50-4CBB-950D-B3E8524D3433}"
EndProject
Project("{FAE04EC0-301F-11D3-BF4B-00C04F79EFBC}") = "RNM.FaultLogging.Tests", "RNM.FaultLogging.Tests\RNM.FaultLogging.Tests.csproj", "{BDCACF8F-3D2E-40B9-BAA0-9871C0DDB597}"
EndProject
Project("{FAE04EC0-301F-11D3-BF4B-00C04F79EFBC}") = "RNM.FaultService.Application", "RNM.FaultService.Implementation\RNM.FaultService.Application.csproj", "{6D601D60-8870-4AA8-BB3F-413CA71B3FD0}"
EndProject
Project("{2150E333-8FDC-42A3-9474-1A3956D46DE8}") = "Fault Repair", "Fault Repair", "{B49CE6CF-8FAE-47F8-BF14-26739E6ACEA7}"
EndProject
Project("{FAE04EC0-301F-11D3-BF4B-00C04F79EFBC}") = "FaultRepair.Common.Tests", "FaultRepair.Common.Tests\FaultRepair.Common.Tests.csproj", "{DD28434F-1473-4632-AA4E-BEAAE8D8447B}"
EndProject
Project("{FAE04EC0-301F-11D3-BF4B-00C04F79EFBC}") = "FaultRepair.Domain", "FaultRepair.Domain\FaultRepair.Domain.csproj", "{FF84C96B-1546-4094-99C6-7111E2D9B13E}"
EndProject
Project("{FAE04EC0-301F-11D3-BF4B-00C04F79EFBC}") = "FaultRepair.Respository", "FaultRepair.Respository\FaultRepair.Respository.csproj", "{A19317CD-412A-47A6-8510-A29698BD2D3C}"
EndProject
Project("{FAE04EC0-301F-11D3-BF4B-00C04F79EFBC}") = "FaultRepair.Tests", "FaultRepair.Tests\FaultRepair.Tests.csproj", "{048DAE6E-701C-4186-9D40-37F1D7355691}"
EndProject
Global
	GlobalSection(SolutionConfigurationPlatforms) = preSolution
		Debug|Any CPU = Debug|Any CPU
		Release|Any CPU = Release|Any CPU
	EndGlobalSection
	GlobalSection(ProjectConfigurationPlatforms) = postSolution
		{4E1A4EDA-E17B-4A1E-A71D-26CAE2F042D3}.Debug|Any CPU.ActiveCfg = Debug|Any CPU
		{4E1A4EDA-E17B-4A1E-A71D-26CAE2F042D3}.Debug|Any CPU.Build.0 = Debug|Any CPU
		{4E1A4EDA-E17B-4A1E-A71D-26CAE2F042D3}.Release|Any CPU.ActiveCfg = Release|Any CPU
		{4E1A4EDA-E17B-4A1E-A71D-26CAE2F042D3}.Release|Any CPU.Build.0 = Release|Any CPU
		{ED0756BC-FA81-445A-8AB2-9F1B7FF99546}.Debug|Any CPU.ActiveCfg = Debug|Any CPU
		{ED0756BC-FA81-445A-8AB2-9F1B7FF99546}.Debug|Any CPU.Build.0 = Debug|Any CPU
		{ED0756BC-FA81-445A-8AB2-9F1B7FF99546}.Release|Any CPU.ActiveCfg = Release|Any CPU
		{ED0756BC-FA81-445A-8AB2-9F1B7FF99546}.Release|Any CPU.Build.0 = Release|Any CPU
		{C7EF53FD-C025-45AE-9987-619F049724A6}.Debug|Any CPU.ActiveCfg = Debug|Any CPU
		{C7EF53FD-C025-45AE-9987-619F049724A6}.Debug|Any CPU.Build.0 = Debug|Any CPU
		{C7EF53FD-C025-45AE-9987-619F049724A6}.Release|Any CPU.ActiveCfg = Release|Any CPU
		{C7EF53FD-C025-45AE-9987-619F049724A6}.Release|Any CPU.Build.0 = Release|Any CPU
		{2D60AFBD-DD1B-4FB4-9B00-0E89FE086F37}.Debug|Any CPU.ActiveCfg = Debug|Any CPU
		{2D60AFBD-DD1B-4FB4-9B00-0E89FE086F37}.Debug|Any CPU.Build.0 = Debug|Any CPU
		{2D60AFBD-DD1B-4FB4-9B00-0E89FE086F37}.Release|Any CPU.ActiveCfg = Release|Any CPU
		{2D60AFBD-DD1B-4FB4-9B00-0E89FE086F37}.Release|Any CPU.Build.0 = Release|Any CPU
		{1446012C-408B-4C60-9154-995F58A52C6E}.Debug|Any CPU.ActiveCfg = Debug|Any CPU
		{1446012C-408B-4C60-9154-995F58A52C6E}.Debug|Any CPU.Build.0 = Debug|Any CPU
		{1446012C-408B-4C60-9154-995F58A52C6E}.Release|Any CPU.ActiveCfg = Release|Any CPU
		{1446012C-408B-4C60-9154-995F58A52C6E}.Release|Any CPU.Build.0 = Release|Any CPU
		{C95F3ADE-610C-4C6A-A6C1-8EFE2EC939DC}.Debug|Any CPU.ActiveCfg = Debug|Any CPU
		{C95F3ADE-610C-4C6A-A6C1-8EFE2EC939DC}.Debug|Any CPU.Build.0 = Debug|Any CPU
		{C95F3ADE-610C-4C6A-A6C1-8EFE2EC939DC}.Release|Any CPU.ActiveCfg = Release|Any CPU
		{C95F3ADE-610C-4C6A-A6C1-8EFE2EC939DC}.Release|Any CPU.Build.0 = Release|Any CPU
		{07838C94-03FB-49E4-8422-50AFFC0D5EEB}.Debug|Any CPU.ActiveCfg = Debug|Any CPU
		{07838C94-03FB-49E4-8422-50AFFC0D5EEB}.Debug|Any CPU.Build.0 = Debug|Any CPU
		{07838C94-03FB-49E4-8422-50AFFC0D5EEB}.Release|Any CPU.ActiveCfg = Release|Any CPU
		{07838C94-03FB-49E4-8422-50AFFC0D5EEB}.Release|Any CPU.Build.0 = Release|Any CPU
		{E2684E41-7736-4025-B5D7-ED372F30914E}.Debug|Any CPU.ActiveCfg = Debug|Any CPU
		{E2684E41-7736-4025-B5D7-ED372F30914E}.Debug|Any CPU.Build.0 = Debug|Any CPU
		{E2684E41-7736-4025-B5D7-ED372F30914E}.Release|Any CPU.ActiveCfg = Release|Any CPU
		{E2684E41-7736-4025-B5D7-ED372F30914E}.Release|Any CPU.Build.0 = Release|Any CPU
		{B00CC224-F5D0-43BB-AAAC-C36AAD751856}.Debug|Any CPU.ActiveCfg = Debug|Any CPU
		{B00CC224-F5D0-43BB-AAAC-C36AAD751856}.Debug|Any CPU.Build.0 = Debug|Any CPU
		{B00CC224-F5D0-43BB-AAAC-C36AAD751856}.Release|Any CPU.ActiveCfg = Release|Any CPU
		{B00CC224-F5D0-43BB-AAAC-C36AAD751856}.Release|Any CPU.Build.0 = Release|Any CPU
		{195CBC01-E7BF-4449-83C0-9CA8FF5004E2}.Debug|Any CPU.ActiveCfg = Debug|Any CPU
		{195CBC01-E7BF-4449-83C0-9CA8FF5004E2}.Debug|Any CPU.Build.0 = Debug|Any CPU
		{195CBC01-E7BF-4449-83C0-9CA8FF5004E2}.Release|Any CPU.ActiveCfg = Release|Any CPU
		{195CBC01-E7BF-4449-83C0-9CA8FF5004E2}.Release|Any CPU.Build.0 = Release|Any CPU
		{3A494B76-97A6-4118-B634-80F2131D72DF}.Debug|Any CPU.ActiveCfg = Debug|Any CPU
		{3A494B76-97A6-4118-B634-80F2131D72DF}.Debug|Any CPU.Build.0 = Debug|Any CPU
		{3A494B76-97A6-4118-B634-80F2131D72DF}.Release|Any CPU.ActiveCfg = Release|Any CPU
		{3A494B76-97A6-4118-B634-80F2131D72DF}.Release|Any CPU.Build.0 = Release|Any CPU
		{AE093348-7812-4CEC-8E54-2E9DDB512519}.Debug|Any CPU.ActiveCfg = Debug|Any CPU
		{AE093348-7812-4CEC-8E54-2E9DDB512519}.Debug|Any CPU.Build.0 = Debug|Any CPU
		{AE093348-7812-4CEC-8E54-2E9DDB512519}.Release|Any CPU.ActiveCfg = Release|Any CPU
		{AE093348-7812-4CEC-8E54-2E9DDB512519}.Release|Any CPU.Build.0 = Release|Any CPU
		{4F4F753D-2673-4338-AB6D-E90965ADEEA0}.Debug|Any CPU.ActiveCfg = Debug|Any CPU
		{4F4F753D-2673-4338-AB6D-E90965ADEEA0}.Debug|Any CPU.Build.0 = Debug|Any CPU
		{4F4F753D-2673-4338-AB6D-E90965ADEEA0}.Release|Any CPU.ActiveCfg = Release|Any CPU
		{4F4F753D-2673-4338-AB6D-E90965ADEEA0}.Release|Any CPU.Build.0 = Release|Any CPU
		{294A5919-A376-49E1-AED8-B5148D98D9FB}.Debug|Any CPU.ActiveCfg = Debug|Any CPU
		{294A5919-A376-49E1-AED8-B5148D98D9FB}.Debug|Any CPU.Build.0 = Debug|Any CPU
		{294A5919-A376-49E1-AED8-B5148D98D9FB}.Release|Any CPU.ActiveCfg = Release|Any CPU
		{294A5919-A376-49E1-AED8-B5148D98D9FB}.Release|Any CPU.Build.0 = Release|Any CPU
		{8F4BEB0E-89C7-4817-AA45-006A152E0132}.Debug|Any CPU.ActiveCfg = Debug|Any CPU
		{8F4BEB0E-89C7-4817-AA45-006A152E0132}.Debug|Any CPU.Build.0 = Debug|Any CPU
		{8F4BEB0E-89C7-4817-AA45-006A152E0132}.Release|Any CPU.ActiveCfg = Release|Any CPU
		{8F4BEB0E-89C7-4817-AA45-006A152E0132}.Release|Any CPU.Build.0 = Release|Any CPU
		{CA6B9859-3B50-4CBB-950D-B3E8524D3433}.Debug|Any CPU.ActiveCfg = Debug|Any CPU
		{CA6B9859-3B50-4CBB-950D-B3E8524D3433}.Debug|Any CPU.Build.0 = Debug|Any CPU
		{CA6B9859-3B50-4CBB-950D-B3E8524D3433}.Release|Any CPU.ActiveCfg = Release|Any CPU
		{CA6B9859-3B50-4CBB-950D-B3E8524D3433}.Release|Any CPU.Build.0 = Release|Any CPU
		{BDCACF8F-3D2E-40B9-BAA0-9871C0DDB597}.Debug|Any CPU.ActiveCfg = Debug|Any CPU
		{BDCACF8F-3D2E-40B9-BAA0-9871C0DDB597}.Debug|Any CPU.Build.0 = Debug|Any CPU
		{BDCACF8F-3D2E-40B9-BAA0-9871C0DDB597}.Release|Any CPU.ActiveCfg = Release|Any CPU
		{BDCACF8F-3D2E-40B9-BAA0-9871C0DDB597}.Release|Any CPU.Build.0 = Release|Any CPU
		{6D601D60-8870-4AA8-BB3F-413CA71B3FD0}.Debug|Any CPU.ActiveCfg = Debug|Any CPU
		{6D601D60-8870-4AA8-BB3F-413CA71B3FD0}.Debug|Any CPU.Build.0 = Debug|Any CPU
		{6D601D60-8870-4AA8-BB3F-413CA71B3FD0}.Release|Any CPU.ActiveCfg = Release|Any CPU
		{6D601D60-8870-4AA8-BB3F-413CA71B3FD0}.Release|Any CPU.Build.0 = Release|Any CPU
		{DD28434F-1473-4632-AA4E-BEAAE8D8447B}.Debug|Any CPU.ActiveCfg = Debug|Any CPU
		{DD28434F-1473-4632-AA4E-BEAAE8D8447B}.Debug|Any CPU.Build.0 = Debug|Any CPU
		{DD28434F-1473-4632-AA4E-BEAAE8D8447B}.Release|Any CPU.ActiveCfg = Release|Any CPU
		{DD28434F-1473-4632-AA4E-BEAAE8D8447B}.Release|Any CPU.Build.0 = Release|Any CPU
		{FF84C96B-1546-4094-99C6-7111E2D9B13E}.Debug|Any CPU.ActiveCfg = Debug|Any CPU
		{FF84C96B-1546-4094-99C6-7111E2D9B13E}.Debug|Any CPU.Build.0 = Debug|Any CPU
		{FF84C96B-1546-4094-99C6-7111E2D9B13E}.Release|Any CPU.ActiveCfg = Release|Any CPU
		{FF84C96B-1546-4094-99C6-7111E2D9B13E}.Release|Any CPU.Build.0 = Release|Any CPU
		{A19317CD-412A-47A6-8510-A29698BD2D3C}.Debug|Any CPU.ActiveCfg = Debug|Any CPU
		{A19317CD-412A-47A6-8510-A29698BD2D3C}.Debug|Any CPU.Build.0 = Debug|Any CPU
		{A19317CD-412A-47A6-8510-A29698BD2D3C}.Release|Any CPU.ActiveCfg = Release|Any CPU
		{A19317CD-412A-47A6-8510-A29698BD2D3C}.Release|Any CPU.Build.0 = Release|Any CPU
		{048DAE6E-701C-4186-9D40-37F1D7355691}.Debug|Any CPU.ActiveCfg = Debug|Any CPU
		{048DAE6E-701C-4186-9D40-37F1D7355691}.Debug|Any CPU.Build.0 = Debug|Any CPU
		{048DAE6E-701C-4186-9D40-37F1D7355691}.Release|Any CPU.ActiveCfg = Release|Any CPU
		{048DAE6E-701C-4186-9D40-37F1D7355691}.Release|Any CPU.Build.0 = Release|Any CPU
	EndGlobalSection
	GlobalSection(SolutionProperties) = preSolution
		HideSolutionNode = FALSE
	EndGlobalSection
	GlobalSection(NestedProjects) = preSolution
		{4E1A4EDA-E17B-4A1E-A71D-26CAE2F042D3} = {B6795B54-DD93-4CEF-8ABD-4DF8F26C8B9B}
		{8C070878-4032-4955-B237-0B90B2326ED6} = {C48131B4-8689-48CC-A288-8AAFAD89D114}
		{AED03223-CB87-4F2A-B4D0-0A2683074E72} = {C48131B4-8689-48CC-A288-8AAFAD89D114}
		{B49CE6CF-8FAE-47F8-BF14-26739E6ACEA7} = {C48131B4-8689-48CC-A288-8AAFAD89D114}
		{C7EF53FD-C025-45AE-9987-619F049724A6} = {8C070878-4032-4955-B237-0B90B2326ED6}
		{2D60AFBD-DD1B-4FB4-9B00-0E89FE086F37} = {8C070878-4032-4955-B237-0B90B2326ED6}
		{1446012C-408B-4C60-9154-995F58A52C6E} = {8C070878-4032-4955-B237-0B90B2326ED6}
		{C95F3ADE-610C-4C6A-A6C1-8EFE2EC939DC} = {8C070878-4032-4955-B237-0B90B2326ED6}
		{07838C94-03FB-49E4-8422-50AFFC0D5EEB} = {8C070878-4032-4955-B237-0B90B2326ED6}
		{E2684E41-7736-4025-B5D7-ED372F30914E} = {8C070878-4032-4955-B237-0B90B2326ED6}
		{B00CC224-F5D0-43BB-AAAC-C36AAD751856} = {8C070878-4032-4955-B237-0B90B2326ED6}
		{195CBC01-E7BF-4449-83C0-9CA8FF5004E2} = {CF77640F-BA77-4F8A-B3A9-936AD00F5FD8}
		{3A494B76-97A6-4118-B634-80F2131D72DF} = {CF77640F-BA77-4F8A-B3A9-936AD00F5FD8}
		{AE093348-7812-4CEC-8E54-2E9DDB512519} = {AED03223-CB87-4F2A-B4D0-0A2683074E72}
		{4F4F753D-2673-4338-AB6D-E90965ADEEA0} = {AED03223-CB87-4F2A-B4D0-0A2683074E72}
		{294A5919-A376-49E1-AED8-B5148D98D9FB} = {AED03223-CB87-4F2A-B4D0-0A2683074E72}
		{8F4BEB0E-89C7-4817-AA45-006A152E0132} = {AED03223-CB87-4F2A-B4D0-0A2683074E72}
		{CA6B9859-3B50-4CBB-950D-B3E8524D3433} = {AED03223-CB87-4F2A-B4D0-0A2683074E72}
		{BDCACF8F-3D2E-40B9-BAA0-9871C0DDB597} = {AED03223-CB87-4F2A-B4D0-0A2683074E72}
		{6D601D60-8870-4AA8-BB3F-413CA71B3FD0} = {AED03223-CB87-4F2A-B4D0-0A2683074E72}
		{DD28434F-1473-4632-AA4E-BEAAE8D8447B} = {B49CE6CF-8FAE-47F8-BF14-26739E6ACEA7}
		{FF84C96B-1546-4094-99C6-7111E2D9B13E} = {B49CE6CF-8FAE-47F8-BF14-26739E6ACEA7}
		{A19317CD-412A-47A6-8510-A29698BD2D3C} = {B49CE6CF-8FAE-47F8-BF14-26739E6ACEA7}
		{048DAE6E-701C-4186-9D40-37F1D7355691} = {B49CE6CF-8FAE-47F8-BF14-26739E6ACEA7}
	EndGlobalSection
EndGlobal
